
Microsoft Visual Studio Solution File, Format Version 12.00
# Visual Studio 15
VisualStudioVersion = 15.0.28307.168
MinimumVisualStudioVersion = 10.0.40219.1
Project("{FAE04EC0-301F-11D3-BF4B-00C04F79EFBC}") = "AIUB_CMS.Handler", "AIUB_CMS.Handler\AIUB_CMS.Handler.csproj", "{6139F1E0-03EC-4D0D-A805-1DDC91134845}"
EndProject
Project("{FAE04EC0-301F-11D3-BF4B-00C04F79EFBC}") = "AIUB_CMS.Login", "AIUB_CMS.Login\AIUB_CMS.Login.csproj", "{5024E4B9-D034-4495-ADC4-7C28EDDE9397}"
EndProject
Global
	GlobalSection(SolutionConfigurationPlatforms) = preSolution
		Debug|Any CPU = Debug|Any CPU
		Release|Any CPU = Release|Any CPU
	EndGlobalSection
	GlobalSection(ProjectConfigurationPlatforms) = postSolution
		{6139F1E0-03EC-4D0D-A805-1DDC91134845}.Debug|Any CPU.ActiveCfg = Debug|Any CPU
		{6139F1E0-03EC-4D0D-A805-1DDC91134845}.Debug|Any CPU.Build.0 = Debug|Any CPU
		{6139F1E0-03EC-4D0D-A805-1DDC91134845}.Release|Any CPU.ActiveCfg = Release|Any CPU
		{6139F1E0-03EC-4D0D-A805-1DDC91134845}.Release|Any CPU.Build.0 = Release|Any CPU
		{5024E4B9-D034-4495-ADC4-7C28EDDE9397}.Debug|Any CPU.ActiveCfg = Debug|Any CPU
		{5024E4B9-D034-4495-ADC4-7C28EDDE9397}.Debug|Any CPU.Build.0 = Debug|Any CPU
		{5024E4B9-D034-4495-ADC4-7C28EDDE9397}.Release|Any CPU.ActiveCfg = Release|Any CPU
		{5024E4B9-D034-4495-ADC4-7C28EDDE9397}.Release|Any CPU.Build.0 = Release|Any CPU
	EndGlobalSection
	GlobalSection(SolutionProperties) = preSolution
		HideSolutionNode = FALSE
	EndGlobalSection
	GlobalSection(ExtensibilityGlobals) = postSolution
		SolutionGuid = {668C69E4-B32B-47FD-8BC5-750134CC050F}
	EndGlobalSection
EndGlobal
